{
  "requires": true,
  "lockfileVersion": 1,
  "dependencies": {
    "angular-sanitize": {
      "version": "1.6.5",
      "resolved": "https://registry.npmjs.org/angular-sanitize/-/angular-sanitize-1.6.5.tgz",
      "integrity": "sha1-tWJagXr60rpYwzPpju8WmhxvUXo="
    },
    "bower": {
      "version": "1.8.0",
      "resolved": "https://registry.npmjs.org/bower/-/bower-1.8.0.tgz",
      "integrity": "sha1-Vdvr7wrZFVOC2enT5JfBNyNFtEo="
    }
  }
}
